
Microsoft Visual Studio Solution File, Format Version 12.00
# Visual Studio Version 17
VisualStudioVersion = 17.14.36414.22 d17.14
MinimumVisualStudioVersion = 10.0.40219.1
Project("{FAE04EC0-301F-11D3-BF4B-00C04F79EFBC}") = "Retangulo", "Retangulo\Retangulo.csproj", "{1BBE9063-15BD-4E37-BF3E-D5CB47F0DA5F}"
EndProject
Global
	GlobalSection(SolutionConfigurationPlatforms) = preSolution
		Debug|Any CPU = Debug|Any CPU
		Release|Any CPU = Release|Any CPU
	EndGlobalSection
	GlobalSection(ProjectConfigurationPlatforms) = postSolution
		{1BBE9063-15BD-4E37-BF3E-D5CB47F0DA5F}.Debug|Any CPU.ActiveCfg = Debug|Any CPU
		{1BBE9063-15BD-4E37-BF3E-D5CB47F0DA5F}.Debug|Any CPU.Build.0 = Debug|Any CPU
		{1BBE9063-15BD-4E37-BF3E-D5CB47F0DA5F}.Release|Any CPU.ActiveCfg = Release|Any CPU
		{1BBE9063-15BD-4E37-BF3E-D5CB47F0DA5F}.Release|Any CPU.Build.0 = Release|Any CPU
	EndGlobalSection
	GlobalSection(SolutionProperties) = preSolution
		HideSolutionNode = FALSE
	EndGlobalSection
	GlobalSection(ExtensibilityGlobals) = postSolution
		SolutionGuid = {2A35989E-0458-47F0-AB0B-6ADEC3DCCB76}
	EndGlobalSection
EndGlobal
