
Microsoft Visual Studio Solution File, Format Version 12.00
# Visual Studio Version 17
VisualStudioVersion = 17.14.36414.22 d17.14
MinimumVisualStudioVersion = 10.0.40219.1
Project("{FAE04EC0-301F-11D3-BF4B-00C04F79EFBC}") = "Problema idade", "Problema idade\Problema idade.csproj", "{22BF3871-B447-4EA0-B3FA-D3A881145562}"
EndProject
Global
	GlobalSection(SolutionConfigurationPlatforms) = preSolution
		Debug|Any CPU = Debug|Any CPU
		Release|Any CPU = Release|Any CPU
	EndGlobalSection
	GlobalSection(ProjectConfigurationPlatforms) = postSolution
		{22BF3871-B447-4EA0-B3FA-D3A881145562}.Debug|Any CPU.ActiveCfg = Debug|Any CPU
		{22BF3871-B447-4EA0-B3FA-D3A881145562}.Debug|Any CPU.Build.0 = Debug|Any CPU
		{22BF3871-B447-4EA0-B3FA-D3A881145562}.Release|Any CPU.ActiveCfg = Release|Any CPU
		{22BF3871-B447-4EA0-B3FA-D3A881145562}.Release|Any CPU.Build.0 = Release|Any CPU
	EndGlobalSection
	GlobalSection(SolutionProperties) = preSolution
		HideSolutionNode = FALSE
	EndGlobalSection
	GlobalSection(ExtensibilityGlobals) = postSolution
		SolutionGuid = {88775F4E-F916-4464-8083-FAE1ABC040BF}
	EndGlobalSection
EndGlobal
